
Microsoft Visual Studio Solution File, Format Version 12.00
# Visual Studio 15
VisualStudioVersion = 15.0.27130.2036
MinimumVisualStudioVersion = 10.0.40219.1
Project("{FAE04EC0-301F-11D3-BF4B-00C04F79EFBC}") = "DF.Web", "DF.Web\DF.Web.csproj", "{EB28236A-F8FB-47B9-9943-5FAA866A1483}"
EndProject
Project("{FAE04EC0-301F-11D3-BF4B-00C04F79EFBC}") = "DF.Api", "DF.Api\DF.Api.csproj", "{63BA6EAF-BFE2-400C-B1EF-FE43A551B037}"
EndProject
Project("{FAE04EC0-301F-11D3-BF4B-00C04F79EFBC}") = "DF.DAL", "DF.DAL\DF.DAL.csproj", "{9BB2A7FB-20EE-4627-A9B3-7D6F7E6548E1}"
EndProject
Project("{FAE04EC0-301F-11D3-BF4B-00C04F79EFBC}") = "DF.Models", "DF.Models\DF.Models.csproj", "{7172A91C-A932-439E-8CA0-D8548C0E82D6}"
EndProject
Project("{FAE04EC0-301F-11D3-BF4B-00C04F79EFBC}") = "DF.BL", "DF.BL\DF.BL.csproj", "{3C952C32-3DCF-4762-A6BA-EAF1435AB806}"
EndProject
Project("{FAE04EC0-301F-11D3-BF4B-00C04F79EFBC}") = "DF.Test", "DF.Test\DF.Test.csproj", "{69C14B80-AB24-411F-BC9B-9CD0FF516297}"
EndProject
Project("{FAE04EC0-301F-11D3-BF4B-00C04F79EFBC}") = "DF.Hangfire", "DF.Hangfire\DF.Hangfire.csproj", "{4188CA3A-7736-4F97-9FE6-F2B30EACBC06}"
EndProject
Global
	GlobalSection(SubversionScc) = preSolution
		Svn-Managed = True
		Manager = AnkhSVN - Subversion Support for Visual Studio
	EndGlobalSection
	GlobalSection(SolutionConfigurationPlatforms) = preSolution
		Debug|Any CPU = Debug|Any CPU
		Release|Any CPU = Release|Any CPU
	EndGlobalSection
	GlobalSection(ProjectConfigurationPlatforms) = postSolution
		{EB28236A-F8FB-47B9-9943-5FAA866A1483}.Debug|Any CPU.ActiveCfg = Debug|Any CPU
		{EB28236A-F8FB-47B9-9943-5FAA866A1483}.Debug|Any CPU.Build.0 = Debug|Any CPU
		{EB28236A-F8FB-47B9-9943-5FAA866A1483}.Release|Any CPU.ActiveCfg = Release|Any CPU
		{EB28236A-F8FB-47B9-9943-5FAA866A1483}.Release|Any CPU.Build.0 = Release|Any CPU
		{63BA6EAF-BFE2-400C-B1EF-FE43A551B037}.Debug|Any CPU.ActiveCfg = Debug|Any CPU
		{63BA6EAF-BFE2-400C-B1EF-FE43A551B037}.Debug|Any CPU.Build.0 = Debug|Any CPU
		{63BA6EAF-BFE2-400C-B1EF-FE43A551B037}.Release|Any CPU.ActiveCfg = Release|Any CPU
		{63BA6EAF-BFE2-400C-B1EF-FE43A551B037}.Release|Any CPU.Build.0 = Release|Any CPU
		{9BB2A7FB-20EE-4627-A9B3-7D6F7E6548E1}.Debug|Any CPU.ActiveCfg = Debug|Any CPU
		{9BB2A7FB-20EE-4627-A9B3-7D6F7E6548E1}.Debug|Any CPU.Build.0 = Debug|Any CPU
		{9BB2A7FB-20EE-4627-A9B3-7D6F7E6548E1}.Release|Any CPU.ActiveCfg = Release|Any CPU
		{9BB2A7FB-20EE-4627-A9B3-7D6F7E6548E1}.Release|Any CPU.Build.0 = Release|Any CPU
		{7172A91C-A932-439E-8CA0-D8548C0E82D6}.Debug|Any CPU.ActiveCfg = Debug|Any CPU
		{7172A91C-A932-439E-8CA0-D8548C0E82D6}.Debug|Any CPU.Build.0 = Debug|Any CPU
		{7172A91C-A932-439E-8CA0-D8548C0E82D6}.Release|Any CPU.ActiveCfg = Release|Any CPU
		{7172A91C-A932-439E-8CA0-D8548C0E82D6}.Release|Any CPU.Build.0 = Release|Any CPU
		{3C952C32-3DCF-4762-A6BA-EAF1435AB806}.Debug|Any CPU.ActiveCfg = Debug|Any CPU
		{3C952C32-3DCF-4762-A6BA-EAF1435AB806}.Debug|Any CPU.Build.0 = Debug|Any CPU
		{3C952C32-3DCF-4762-A6BA-EAF1435AB806}.Release|Any CPU.ActiveCfg = Release|Any CPU
		{3C952C32-3DCF-4762-A6BA-EAF1435AB806}.Release|Any CPU.Build.0 = Release|Any CPU
		{69C14B80-AB24-411F-BC9B-9CD0FF516297}.Debug|Any CPU.ActiveCfg = Debug|Any CPU
		{69C14B80-AB24-411F-BC9B-9CD0FF516297}.Debug|Any CPU.Build.0 = Debug|Any CPU
		{69C14B80-AB24-411F-BC9B-9CD0FF516297}.Release|Any CPU.ActiveCfg = Release|Any CPU
		{4188CA3A-7736-4F97-9FE6-F2B30EACBC06}.Debug|Any CPU.ActiveCfg = Debug|Any CPU
		{4188CA3A-7736-4F97-9FE6-F2B30EACBC06}.Debug|Any CPU.Build.0 = Debug|Any CPU
		{4188CA3A-7736-4F97-9FE6-F2B30EACBC06}.Release|Any CPU.ActiveCfg = Release|Any CPU
		{4188CA3A-7736-4F97-9FE6-F2B30EACBC06}.Release|Any CPU.Build.0 = Release|Any CPU
	EndGlobalSection
	GlobalSection(SolutionProperties) = preSolution
		HideSolutionNode = FALSE
	EndGlobalSection
	GlobalSection(ExtensibilityGlobals) = postSolution
		SolutionGuid = {48CBB202-7D17-48F6-AC64-E13B1D1E11BE}
	EndGlobalSection
EndGlobal
